PODS:
  - Alamofire (4.7.3)
  - IQKeyboardManagerSwift (6.1.1)
  - MBProgressHUD (1.1.0)
  - Moya/Core (11.0.2):
    - Alamofire (~> 4.1)
    - Result (~> 3.0)
  - Moya/RxSwift (11.0.2):
    - Moya/Core
    - RxSwift (~> 4.0)
  - PullToRefreshKit (0.8.6)
  - R.swift (4.0.0):
    - R.swift.Library (~> 4.0.0)
  - R.swift.Library (4.0.0)
  - ReactorKit (1.1.0):
    - RxSwift (>= 4.0.0)
  - Result (3.2.4)
  - RxCocoa (4.2.0):
    - RxSwift (~> 4.0)
  - RxFeedback (1.0.3):
    - RxCocoa (~> 4.0)
    - RxSwift (~> 4.0)
  - RxSwift (4.2.0)
  - SnapKit (4.0.0)
  - Toolbelt (0.0.2):
    - MBProgressHUD
  - ToolbeltUI (0.0.1):
    - SnapKit

DEPENDENCIES:
  - IQKeyboardManagerSwift
  - Moya/RxSwift
  - PullToRefreshKit
  - R.swift
  - ReactorKit
  - RxCocoa (~> 4.0)
  - RxFeedback
  - RxSwift (~> 4.0)
  - SnapKit
  - Toolbelt (from `~/development/toolbelt`)
  - ToolbeltUI (from `~/development/toolbelt`)

SPEC REPOS:
  https://github.com/cocoapods/specs.git:
    - Alamofire
    - IQKeyboardManagerSwift
    - MBProgressHUD
    - Moya
    - PullToRefreshKit
    - R.swift
    - R.swift.Library
    - ReactorKit
    - Result
    - RxCocoa
    - RxFeedback
    - RxSwift
    - SnapKit

EXTERNAL SOURCES:
  Toolbelt:
    :path: "~/development/toolbelt"
  ToolbeltUI:
    :path: "~/development/toolbelt"

SPEC CHECKSUMS:
  Alamofire: c7287b6e5d7da964a70935e5db17046b7fde6568
  IQKeyboardManagerSwift: 977affaeb4d6e971975c7790a6850f31d38f1207
  MBProgressHUD: e7baa36a220447d8aeb12769bf0585582f3866d9
  Moya: a725035953bc1c0eb1be505ab903984501d82440
  PullToRefreshKit: 172df52ab9c6cb2c1d4b1872b49f448d6291523f
  R.swift: d6a5ec2f55a8441dc0ed9f1f8b37d7d11ae85c66
  R.swift.Library: c3af34921024333546e23b70e70d0b4e0cffca75
  ReactorKit: 26470a9eff5094fae909a30af0be7cd0cf8a182d
  Result: d2d07204ce72856f1fd9130bbe42c35a7b0fea10
  RxCocoa: 0b54909c902e1e581212a03e690bbd94032d8baa
  RxFeedback: 0b032eb82a4cf858b3b97fb8eb30a895f837fbda
  RxSwift: 99e10317ddfcc7fbe01356aafd118fde4a0be104
  SnapKit: a42d492c16e80209130a3379f73596c3454b7694
  Toolbelt: 76897539ce0434ce5e23adf657744afb65eafab9
  ToolbeltUI: 028bbcf907b6e4b5e7bafe183a5e007b2276f4c4

PODFILE CHECKSUM: ee305d7dda5838246fb7d38bd258a1083a025762

COCOAPODS: 1.5.3
